
Microsoft Visual Studio Solution File, Format Version 12.00
# Visual Studio Version 17
VisualStudioVersion = 17.14.37216.2
MinimumVisualStudioVersion = 10.0.40219.1
Project("{FAE04EC0-301F-11D3-BF4B-00C04F79EFBC}") = "ThirdPartySignOn.Saml", "Saml\ThirdPartySignOn.Saml.csproj", "{AE65F958-49FD-4F23-BFF3-EA673BBC7AE1}"
EndProject
Project("{2150E333-8FDC-42A3-9474-1A3956D46DE8}") = "Solution Items", "Solution Items", "{8EC462FD-D22E-90A8-E5CE-7E832BA40C5D}"
	ProjectSection(SolutionItems) = preProject
		README.md = README.md
	EndProjectSection
EndProject
Project("{FAE04EC0-301F-11D3-BF4B-00C04F79EFBC}") = "ThirdPartySignOn.MSIdentity", "MSIdentity\ThirdPartySignOn.MSIdentity.csproj", "{AA674704-9379-78EB-C35C-02C03DD5BF7B}"
EndProject
Project("{FAE04EC0-301F-11D3-BF4B-00C04F79EFBC}") = "ThirdPartySignOn.Google", "C:\Users\heinrich.elsigan\source\3rdPartySignOn\Google\ThirdPartySignOn.Google.csproj", "{3A96461A-86F9-12C0-417D-80EB9E6F2AAE}"
EndProject
Global
	GlobalSection(SolutionConfigurationPlatforms) = preSolution
		Debug|Any CPU = Debug|Any CPU
		Release|Any CPU = Release|Any CPU
	EndGlobalSection
	GlobalSection(ProjectConfigurationPlatforms) = postSolution
		{AE65F958-49FD-4F23-BFF3-EA673BBC7AE1}.Debug|Any CPU.ActiveCfg = Debug|Any CPU
		{AE65F958-49FD-4F23-BFF3-EA673BBC7AE1}.Debug|Any CPU.Build.0 = Debug|Any CPU
		{AE65F958-49FD-4F23-BFF3-EA673BBC7AE1}.Release|Any CPU.ActiveCfg = Release|Any CPU
		{AE65F958-49FD-4F23-BFF3-EA673BBC7AE1}.Release|Any CPU.Build.0 = Release|Any CPU
		{AA674704-9379-78EB-C35C-02C03DD5BF7B}.Debug|Any CPU.ActiveCfg = Debug|Any CPU
		{AA674704-9379-78EB-C35C-02C03DD5BF7B}.Debug|Any CPU.Build.0 = Debug|Any CPU
		{AA674704-9379-78EB-C35C-02C03DD5BF7B}.Release|Any CPU.ActiveCfg = Release|Any CPU
		{AA674704-9379-78EB-C35C-02C03DD5BF7B}.Release|Any CPU.Build.0 = Release|Any CPU
		{3A96461A-86F9-12C0-417D-80EB9E6F2AAE}.Debug|Any CPU.ActiveCfg = Debug|Any CPU
		{3A96461A-86F9-12C0-417D-80EB9E6F2AAE}.Debug|Any CPU.Build.0 = Debug|Any CPU
		{3A96461A-86F9-12C0-417D-80EB9E6F2AAE}.Release|Any CPU.ActiveCfg = Release|Any CPU
		{3A96461A-86F9-12C0-417D-80EB9E6F2AAE}.Release|Any CPU.Build.0 = Release|Any CPU
	EndGlobalSection
	GlobalSection(SolutionProperties) = preSolution
		HideSolutionNode = FALSE
	EndGlobalSection
	GlobalSection(ExtensibilityGlobals) = postSolution
		SolutionGuid = {5820D4F5-3BB9-4298-9F71-9A3A0DD644F5}
	EndGlobalSection
EndGlobal
